
Microsoft Visual Studio Solution File, Format Version 12.00
# Visual Studio Version 17
VisualStudioVersion = 17.10.35027.167
MinimumVisualStudioVersion = 10.0.40219.1
Project("{9A19103F-16F7-4668-BE54-9A1E7A4F7556}") = "BasicBlogAPI", "BasicBlogAPI\BasicBlogAPI.csproj", "{9B587A5D-047C-40BB-91E1-45B33E74A39A}"
EndProject
Project("{E53339B2-1760-4266-BCC7-CA923CBCF16C}") = "docker-compose", "docker-compose.dcproj", "{7E5D572A-8FA4-4952-8206-3231E692477A}"
EndProject
Global
	GlobalSection(SolutionConfigurationPlatforms) = preSolution
		Debug|Any CPU = Debug|Any CPU
		Release|Any CPU = Release|Any CPU
	EndGlobalSection
	GlobalSection(ProjectConfigurationPlatforms) = postSolution
		{9B587A5D-047C-40BB-91E1-45B33E74A39A}.Debug|Any CPU.ActiveCfg = Debug|Any CPU
		{9B587A5D-047C-40BB-91E1-45B33E74A39A}.Debug|Any CPU.Build.0 = Debug|Any CPU
		{9B587A5D-047C-40BB-91E1-45B33E74A39A}.Release|Any CPU.ActiveCfg = Release|Any CPU
		{9B587A5D-047C-40BB-91E1-45B33E74A39A}.Release|Any CPU.Build.0 = Release|Any CPU
		{7E5D572A-8FA4-4952-8206-3231E692477A}.Debug|Any CPU.ActiveCfg = Debug|Any CPU
		{7E5D572A-8FA4-4952-8206-3231E692477A}.Debug|Any CPU.Build.0 = Debug|Any CPU
		{7E5D572A-8FA4-4952-8206-3231E692477A}.Release|Any CPU.ActiveCfg = Release|Any CPU
		{7E5D572A-8FA4-4952-8206-3231E692477A}.Release|Any CPU.Build.0 = Release|Any CPU
	EndGlobalSection
	GlobalSection(SolutionProperties) = preSolution
		HideSolutionNode = FALSE
	EndGlobalSection
	GlobalSection(ExtensibilityGlobals) = postSolution
		SolutionGuid = {13E44B98-F952-4AD4-A8EB-64E7E1962110}
	EndGlobalSection
EndGlobal
